Microsoft Visual Studio Solution File, Format Version 12.00
# 17
VisualStudioVersion = 17.11.35327.3
MinimumVisualStudioVersion = 10.0.40219.1
Project("{FAE04EC0-301F-11D3-BF4B-00C04F79EFBC}") = "SafeQuitBox", "SafeQuitBox\SafeQuitBox.csproj", "{4AF375D0-1612-4A88-A8B3-73D1382C5CDA}"
EndProject
Global
	GlobalSection(SolutionConfigurationPlatforms) = preSolution
		Debug|Any CPU = Debug|Any CPU
		Release|Any CPU = Release|Any CPU
	EndGlobalSection
	GlobalSection(ProjectConfigurationPlatforms) = postSolution
		{4AF375D0-1612-4A88-A8B3-73D1382C5CDA}.Debug|Any CPU.ActiveCfg = Debug|Any CPU
		{4AF375D0-1612-4A88-A8B3-73D1382C5CDA}.Debug|Any CPU.Build.0 = Debug|Any CPU
		{4AF375D0-1612-4A88-A8B3-73D1382C5CDA}.Release|Any CPU.ActiveCfg = Release|Any CPU
		{4AF375D0-1612-4A88-A8B3-73D1382C5CDA}.Release|Any CPU.Build.0 = Release|Any CPU
	EndGlobalSection
	GlobalSection(SolutionProperties) = preSolution
		HideSolutionNode = FALSE
	EndGlobalSection
	GlobalSection(ExtensibilityGlobals) = postSolution
		SolutionGuid = {B1F6C747-A97C-4481-B866-2E2EC4F01B29}
	EndGlobalSection
EndGlobal
